
Microsoft Visual Studio Solution File, Format Version 12.00
# Visual Studio Version 16
VisualStudioVersion = 16.0.30621.155
MinimumVisualStudioVersion = 10.0.40219.1
Project("{FAE04EC0-301F-11D3-BF4B-00C04F79EFBC}") = "PIS1V", "PIS1V\PIS1V.csproj", "{68255F28-7D4E-4285-9E7D-1350B7F4E665}"
EndProject
Global
	GlobalSection(SolutionConfigurationPlatforms) = preSolution
		Debug|Any CPU = Debug|Any CPU
		Release|Any CPU = Release|Any CPU
	EndGlobalSection
	GlobalSection(ProjectConfigurationPlatforms) = postSolution
		{68255F28-7D4E-4285-9E7D-1350B7F4E665}.Debug|Any CPU.ActiveCfg = Debug|Any CPU
		{68255F28-7D4E-4285-9E7D-1350B7F4E665}.Debug|Any CPU.Build.0 = Debug|Any CPU
		{68255F28-7D4E-4285-9E7D-1350B7F4E665}.Release|Any CPU.ActiveCfg = Release|Any CPU
		{68255F28-7D4E-4285-9E7D-1350B7F4E665}.Release|Any CPU.Build.0 = Release|Any CPU
	EndGlobalSection
	GlobalSection(SolutionProperties) = preSolution
		HideSolutionNode = FALSE
	EndGlobalSection
	GlobalSection(ExtensibilityGlobals) = postSolution
		SolutionGuid = {EA07C067-7823-48CB-B7C3-22C319E5DDC4}
	EndGlobalSection
EndGlobal
